
Microsoft Visual Studio Solution File, Format Version 12.00
# Visual Studio Version 16
VisualStudioVersion = 16.0.29911.84
MinimumVisualStudioVersion = 10.0.40219.1
Project("{FAE04EC0-301F-11D3-BF4B-00C04F79EFBC}") = "kolokwium_s18836", "kolokwium_s18836\kolokwium_s18836.csproj", "{37A46313-3FCC-453B-BC8E-A855605042C1}"
EndProject
Global
	GlobalSection(SolutionConfigurationPlatforms) = preSolution
		Debug|Any CPU = Debug|Any CPU
		Release|Any CPU = Release|Any CPU
	EndGlobalSection
	GlobalSection(ProjectConfigurationPlatforms) = postSolution
		{37A46313-3FCC-453B-BC8E-A855605042C1}.Debug|Any CPU.ActiveCfg = Debug|Any CPU
		{37A46313-3FCC-453B-BC8E-A855605042C1}.Debug|Any CPU.Build.0 = Debug|Any CPU
		{37A46313-3FCC-453B-BC8E-A855605042C1}.Release|Any CPU.ActiveCfg = Release|Any CPU
		{37A46313-3FCC-453B-BC8E-A855605042C1}.Release|Any CPU.Build.0 = Release|Any CPU
	EndGlobalSection
	GlobalSection(SolutionProperties) = preSolution
		HideSolutionNode = FALSE
	EndGlobalSection
	GlobalSection(ExtensibilityGlobals) = postSolution
		SolutionGuid = {3E3EAB87-A28E-4412-95F2-23FC4347F20E}
	EndGlobalSection
EndGlobal
